
Microsoft Visual Studio Solution File, Format Version 12.00
# Visual Studio Version 16
VisualStudioVersion = 16.0.29001.49
MinimumVisualStudioVersion = 10.0.40219.1
Project("{FAE04EC0-301F-11D3-BF4B-00C04F79EFBC}") = "Taksidermie", "Taksidermie\Taksidermie.csproj", "{129896EB-B3B9-44F2-88C9-AF16854730EA}"
EndProject
Global
	GlobalSection(SolutionConfigurationPlatforms) = preSolution
		Debug|Any CPU = Debug|Any CPU
		Release|Any CPU = Release|Any CPU
	EndGlobalSection
	GlobalSection(ProjectConfigurationPlatforms) = postSolution
		{129896EB-B3B9-44F2-88C9-AF16854730EA}.Debug|Any CPU.ActiveCfg = Debug|Any CPU
		{129896EB-B3B9-44F2-88C9-AF16854730EA}.Debug|Any CPU.Build.0 = Debug|Any CPU
		{129896EB-B3B9-44F2-88C9-AF16854730EA}.Release|Any CPU.ActiveCfg = Release|Any CPU
		{129896EB-B3B9-44F2-88C9-AF16854730EA}.Release|Any CPU.Build.0 = Release|Any CPU
	EndGlobalSection
	GlobalSection(SolutionProperties) = preSolution
		HideSolutionNode = FALSE
	EndGlobalSection
	GlobalSection(ExtensibilityGlobals) = postSolution
		SolutionGuid = {A854D8B1-4DDF-49C9-B2C7-5951E5E1D36C}
	EndGlobalSection
EndGlobal
